
Microsoft Visual Studio Solution File, Format Version 12.00
# Visual Studio Version 17
VisualStudioVersion = 17.8.34330.188
MinimumVisualStudioVersion = 10.0.40219.1
Project("{FAE04EC0-301F-11D3-BF4B-00C04F79EFBC}") = "VacationTracker", "VacationTracker.csproj", "{01DB876F-9687-49A9-91F9-CAA60CD36758}"
EndProject
Global
	GlobalSection(SolutionConfigurationPlatforms) = preSolution
		Debug|Any CPU = Debug|Any CPU
		Release|Any CPU = Release|Any CPU
	EndGlobalSection
	GlobalSection(ProjectConfigurationPlatforms) = postSolution
		{01DB876F-9687-49A9-91F9-CAA60CD36758}.Debug|Any CPU.ActiveCfg = Debug|Any CPU
		{01DB876F-9687-49A9-91F9-CAA60CD36758}.Debug|Any CPU.Build.0 = Debug|Any CPU
		{01DB876F-9687-49A9-91F9-CAA60CD36758}.Release|Any CPU.ActiveCfg = Release|Any CPU
		{01DB876F-9687-49A9-91F9-CAA60CD36758}.Release|Any CPU.Build.0 = Release|Any CPU
	EndGlobalSection
	GlobalSection(SolutionProperties) = preSolution
		HideSolutionNode = FALSE
	EndGlobalSection
	GlobalSection(ExtensibilityGlobals) = postSolution
		SolutionGuid = {F36FA4BD-D162-4FDB-8739-0B938089B0B9}
	EndGlobalSection
EndGlobal
